// !$*UTF8*$!
{
	archiveVersion = 1;
	classes = {
	};
	objectVersion = 55;
	objects = {

/* Begin PBXBuildFile section */
		125263D72819C7770024DE6C /* AppDelegate.swift in Sources */ = {isa = PBXBuildFile; fileRef = 125263D62819C7770024DE6C /* AppDelegate.swift */; };
		125263D92819C7770024DE6C /* SceneDelegate.swift in Sources */ = {isa = PBXBuildFile; fileRef = 125263D82819C7770024DE6C /* SceneDelegate.swift */; };
		125263DB2819C7770024DE6C /* ViewController.swift in Sources */ = {isa = PBXBuildFile; fileRef = 125263DA2819C7770024DE6C /* ViewController.swift */; };
		125263E02819C7790024DE6C /* Assets.xcassets in Resources */ = {isa = PBXBuildFile; fileRef = 125263DF2819C7790024DE6C /* Assets.xcassets */; };
		125263E32819C7790024DE6C /* LaunchScreen.storyboard in Resources */ = {isa = PBXBuildFile; fileRef = 125263E12819C7790024DE6C /* LaunchScreen.storyboard */; };
		1287DC64281A032700BC63C3 /* HabitsStore.swift in Sources */ = {isa = PBXBuildFile; fileRef = 1287DC63281A032700BC63C3 /* HabitsStore.swift */; };
		1287DC6B281A070000BC63C3 /* InfoViewController.swift in Sources */ = {isa = PBXBuildFile; fileRef = 1287DC6A281A070000BC63C3 /* InfoViewController.swift */; };
		1287DCA3281B441100BC63C3 /* Extension.swift in Sources */ = {isa = PBXBuildFile; fileRef = 1287DCA2281B441100BC63C3 /* Extension.swift */; };
		1287DCA7281B478500BC63C3 /* InfoVCConst.swift in Sources */ = {isa = PBXBuildFile; fileRef = 1287DCA6281B478500BC63C3 /* InfoVCConst.swift */; };
		1287DCAC281C40E100BC63C3 /* protocol.swift in Sources */ = {isa = PBXBuildFile; fileRef = 1287DCAB281C40E100BC63C3 /* protocol.swift */; };
		1287DCAE281C439000BC63C3 /* HabitsViewController.swift in Sources */ = {isa = PBXBuildFile; fileRef = 1287DCAD281C439000BC63C3 /* HabitsViewController.swift */; };
		1287DCB0281C44DB00BC63C3 /* HabitCollectionViewCell.swift in Sources */ = {isa = PBXBuildFile; fileRef = 1287DCAF281C44DB00BC63C3 /* HabitCollectionViewCell.swift */; };
		1287DCB2281C452600BC63C3 /* ProgressCollectionViewCell.swift in Sources */ = {isa = PBXBuildFile; fileRef = 1287DCB1281C452600BC63C3 /* ProgressCollectionViewCell.swift */; };
		1287DCB4281C45DE00BC63C3 /* CorrectHabitViewController.swift in Sources */ = {isa = PBXBuildFile; fileRef = 1287DCB3281C45DE00BC63C3 /* CorrectHabitViewController.swift */; };
		1287DCB6281C469A00BC63C3 /* HabitDetailsViewController.swift in Sources */ = {isa = PBXBuildFile; fileRef = 1287DCB5281C469A00BC63C3 /* HabitDetailsViewController.swift */; };
		1287DCB8281C470200BC63C3 /* HabitDetailHeader.swift in Sources */ = {isa = PBXBuildFile; fileRef = 1287DCB7281C470200BC63C3 /* HabitDetailHeader.swift */; };
		1287DCBA281C473200BC63C3 /* HabitDetailViewCell.swift in Sources */ = {isa = PBXBuildFile; fileRef = 1287DCB9281C473200BC63C3 /* HabitDetailViewCell.swift */; };
		1287DCBC281C495300BC63C3 /* Styles.swift in Sources */ = {isa = PBXBuildFile; fileRef = 1287DCBB281C495300BC63C3 /* Styles.swift */; };
/* End PBXBuildFile section */

/* Begin PBXFileReference section */
		125263D32819C7770024DE6C /* MyHabits.app */ = {isa = PBXFileReference; explicitFileType = wrapper.application; includeInIndex = 0; path = MyHabits.app; sourceTree = BUILT_PRODUCTS_DIR; };
		125263D62819C7770024DE6C /* AppDelegate.swift */ = {isa = PBXFileReference; lastKnownFileType = sourcecode.swift; path = AppDelegate.swift; sourceTree = "<group>"; };
		125263D82819C7770024DE6C /* SceneDelegate.swift */ = {isa = PBXFileReference; lastKnownFileType = sourcecode.swift; path = SceneDelegate.swift; sourceTree = "<group>"; };
		125263DA2819C7770024DE6C /* ViewController.swift */ = {isa = PBXFileReference; lastKnownFileType = sourcecode.swift; path = ViewController.swift; sourceTree = "<group>"; };
		125263DF2819C7790024DE6C /* Assets.xcassets */ = {isa = PBXFileReference; lastKnownFileType = folder.assetcatalog; path = Assets.xcassets; sourceTree = "<group>"; };
		125263E22819C7790024DE6C /* Base */ = {isa = PBXFileReference; lastKnownFileType = file.storyboard; name = Base; path = Base.lproj/LaunchScreen.storyboard; sourceTree = "<group>"; };
		125263E42819C7790024DE6C /* Info.plist */ = {isa = PBXFileReference; lastKnownFileType = text.plist.xml; path = Info.plist; sourceTree = "<group>"; };
		1287DC63281A032700BC63C3 /* HabitsStore.swift */ = {isa = PBXFileReference; lastKnownFileType = sourcecode.swift; path = HabitsStore.swift; sourceTree = "<group>"; };
		1287DC6A281A070000BC63C3 /* InfoViewController.swift */ = {isa = PBXFileReference; lastKnownFileType = sourcecode.swift; path = InfoViewController.swift; sourceTree = "<group>"; };
		1287DCA2281B441100BC63C3 /* Extension.swift */ = {isa = PBXFileReference; lastKnownFileType = sourcecode.swift; path = Extension.swift; sourceTree = "<group>"; };
		1287DCA6281B478500BC63C3 /* InfoVCConst.swift */ = {isa = PBXFileReference; lastKnownFileType = sourcecode.swift; path = InfoVCConst.swift; sourceTree = "<group>"; };
		1287DCAB281C40E100BC63C3 /* protocol.swift */ = {isa = PBXFileReference; lastKnownFileType = sourcecode.swift; path = protocol.swift; sourceTree = "<group>"; };
		1287DCAD281C439000BC63C3 /* HabitsViewController.swift */ = {isa = PBXFileReference; lastKnownFileType = sourcecode.swift; path = HabitsViewController.swift; sourceTree = "<group>"; };
		1287DCAF281C44DB00BC63C3 /* HabitCollectionViewCell.swift */ = {isa = PBXFileReference; lastKnownFileType = sourcecode.swift; path = HabitCollectionViewCell.swift; sourceTree = "<group>"; };
		1287DCB1281C452600BC63C3 /* ProgressCollectionViewCell.swift */ = {isa = PBXFileReference; lastKnownFileType = sourcecode.swift; path = ProgressCollectionViewCell.swift; sourceTree = "<group>"; };
		1287DCB3281C45DE00BC63C3 /* CorrectHabitViewController.swift */ = {isa = PBXFileReference; lastKnownFileType = sourcecode.swift; path = CorrectHabitViewController.swift; sourceTree = "<group>"; };
		1287DCB5281C469A00BC63C3 /* HabitDetailsViewController.swift */ = {isa = PBXFileReference; lastKnownFileType = sourcecode.swift; path = HabitDetailsViewController.swift; sourceTree = "<group>"; };
		1287DCB7281C470200BC63C3 /* HabitDetailHeader.swift */ = {isa = PBXFileReference; lastKnownFileType = sourcecode.swift; path = HabitDetailHeader.swift; sourceTree = "<group>"; };
		1287DCB9281C473200BC63C3 /* HabitDetailViewCell.swift */ = {isa = PBXFileReference; lastKnownFileType = sourcecode.swift; path = HabitDetailViewCell.swift; sourceTree = "<group>"; };
		1287DCBB281C495300BC63C3 /* Styles.swift */ = {isa = PBXFileReference; lastKnownFileType = sourcecode.swift; path = Styles.swift; sourceTree = "<group>"; };
/* End PBXFileReference section */

/* Begin PBXFrameworksBuildPhase section */
		125263D02819C7770024DE6C /* Frameworks */ = {
			isa = PBXFrameworksBuildPhase;
			buildActionMask = 2147483647;
			files = (
			);
			runOnlyForDeploymentPostprocessing = 0;
		};
/* End PBXFrameworksBuildPhase section */

/* Begin PBXGroup section */
		125263CA2819C7770024DE6C = {
			isa = PBXGroup;
			children = (
				125263D52819C7770024DE6C /* MyHabits */,
				125263D42819C7770024DE6C /* Products */,
			);
			sourceTree = "<group>";
		};
		125263D42819C7770024DE6C /* Products */ = {
			isa = PBXGroup;
			children = (
				125263D32819C7770024DE6C /* MyHabits.app */,
			);
			name = Products;
			sourceTree = "<group>";
		};
		125263D52819C7770024DE6C /* MyHabits */ = {
			isa = PBXGroup;
			children = (
				125263E42819C7790024DE6C /* Info.plist */,
				125263DF2819C7790024DE6C /* Assets.xcassets */,
				125263D62819C7770024DE6C /* AppDelegate.swift */,
				125263DA2819C7770024DE6C /* ViewController.swift */,
				125263D82819C7770024DE6C /* SceneDelegate.swift */,
				1287DCAA281C40CE00BC63C3 /* Protocol */,
				1287DCA1281B43D500BC63C3 /* Extension */,
				1287DC9E281B2DF300BC63C3 /* Info */,
				1287DC9A281AB11800BC63C3 /* StoryBoard */,
				1287DC69281A06B200BC63C3 /* Habit */,
			);
			path = MyHabits;
			sourceTree = "<group>";
		};
		1287DC69281A06B200BC63C3 /* Habit */ = {
			isa = PBXGroup;
			children = (
				1287DC63281A032700BC63C3 /* HabitsStore.swift */,
				1287DCAD281C439000BC63C3 /* HabitsViewController.swift */,
				1287DCAF281C44DB00BC63C3 /* HabitCollectionViewCell.swift */,
				1287DCB1281C452600BC63C3 /* ProgressCollectionViewCell.swift */,
				1287DCB3281C45DE00BC63C3 /* CorrectHabitViewController.swift */,
				1287DCB5281C469A00BC63C3 /* HabitDetailsViewController.swift */,
				1287DCB7281C470200BC63C3 /* HabitDetailHeader.swift */,
				1287DCB9281C473200BC63C3 /* HabitDetailViewCell.swift */,
			);
			path = Habit;
			sourceTree = "<group>";
		};
		1287DC9A281AB11800BC63C3 /* StoryBoard */ = {
			isa = PBXGroup;
			children = (
				125263E12819C7790024DE6C /* LaunchScreen.storyboard */,
			);
			path = StoryBoard;
			sourceTree = "<group>";
		};
		1287DC9E281B2DF300BC63C3 /* Info */ = {
			isa = PBXGroup;
			children = (
				1287DC6A281A070000BC63C3 /* InfoViewController.swift */,
				1287DCA6281B478500BC63C3 /* InfoVCConst.swift */,
			);
			path = Info;
			sourceTree = "<group>";
		};
		1287DCA1281B43D500BC63C3 /* Extension */ = {
			isa = PBXGroup;
			children = (
				1287DCA2281B441100BC63C3 /* Extension.swift */,
				1287DCBB281C495300BC63C3 /* Styles.swift */,
			);
			path = Extension;
			sourceTree = "<group>";
		};
		1287DCAA281C40CE00BC63C3 /* Protocol */ = {
			isa = PBXGroup;
			children = (
				1287DCAB281C40E100BC63C3 /* protocol.swift */,
			);
			path = Protocol;
			sourceTree = "<group>";
		};
/* End PBXGroup section */

/* Begin PBXNativeTarget section */
		125263D22819C7770024DE6C /* MyHabits */ = {
			isa = PBXNativeTarget;
			buildConfigurationList = 125263E72819C7790024DE6C /* Build configuration list for PBXNativeTarget "MyHabits" */;
			buildPhases = (
				125263CF2819C7770024DE6C /* Sources */,
				125263D02819C7770024DE6C /* Frameworks */,
				125263D12819C7770024DE6C /* Resources */,
			);
			buildRules = (
			);
			dependencies = (
			);
			name = MyHabits;
			productName = MyHabits;
			productReference = 125263D32819C7770024DE6C /* MyHabits.app */;
			productType = "com.apple.product-type.application";
		};
/* End PBXNativeTarget section */

/* Begin PBXProject section */
		125263CB2819C7770024DE6C /* Project object */ = {
			isa = PBXProject;
			attributes = {
				BuildIndependentTargetsInParallel = 1;
				LastSwiftUpdateCheck = 1320;
				LastUpgradeCheck = 1320;
				TargetAttributes = {
					125263D22819C7770024DE6C = {
						CreatedOnToolsVersion = 13.2.1;
					};
				};
			};
			buildConfigurationList = 125263CE2819C7770024DE6C /* Build configuration list for PBXProject "MyHabits" */;
			compatibilityVersion = "Xcode 13.0";
			developmentRegion = en;
			hasScannedForEncodings = 0;
			knownRegions = (
				en,
				Base,
			);
			mainGroup = 125263CA2819C7770024DE6C;
			productRefGroup = 125263D42819C7770024DE6C /* Products */;
			projectDirPath = "";
			projectRoot = "";
			targets = (
				125263D22819C7770024DE6C /* MyHabits */,
			);
		};
/* End PBXProject section */

/* Begin PBXResourcesBuildPhase section */
		125263D12819C7770024DE6C /* Resources */ = {
			isa = PBXResourcesBuildPhase;
			buildActionMask = 2147483647;
			files = (
				125263E32819C7790024DE6C /* LaunchScreen.storyboard in Resources */,
				125263E02819C7790024DE6C /* Assets.xcassets in Resources */,
			);
			runOnlyForDeploymentPostprocessing = 0;
		};
/* End PBXResourcesBuildPhase section */

/* Begin PBXSourcesBuildPhase section */
		125263CF2819C7770024DE6C /* Sources */ = {
			isa = PBXSourcesBuildPhase;
			buildActionMask = 2147483647;
			files = (
				1287DC64281A032700BC63C3 /* HabitsStore.swift in Sources */,
				1287DCA3281B441100BC63C3 /* Extension.swift in Sources */,
				125263DB2819C7770024DE6C /* ViewController.swift in Sources */,
				1287DCAE281C439000BC63C3 /* HabitsViewController.swift in Sources */,
				1287DCB0281C44DB00BC63C3 /* HabitCollectionViewCell.swift in Sources */,
				125263D72819C7770024DE6C /* AppDelegate.swift in Sources */,
				1287DCB4281C45DE00BC63C3 /* CorrectHabitViewController.swift in Sources */,
				1287DCBC281C495300BC63C3 /* Styles.swift in Sources */,
				1287DC6B281A070000BC63C3 /* InfoViewController.swift in Sources */,
				125263D92819C7770024DE6C /* SceneDelegate.swift in Sources */,
				1287DCAC281C40E100BC63C3 /* protocol.swift in Sources */,
				1287DCBA281C473200BC63C3 /* HabitDetailViewCell.swift in Sources */,
				1287DCB8281C470200BC63C3 /* HabitDetailHeader.swift in Sources */,
				1287DCB6281C469A00BC63C3 /* HabitDetailsViewController.swift in Sources */,
				1287DCA7281B478500BC63C3 /* InfoVCConst.swift in Sources */,
				1287DCB2281C452600BC63C3 /* ProgressCollectionViewCell.swift in Sources */,
			);
			runOnlyForDeploymentPostprocessing = 0;
		};
/* End PBXSourcesBuildPhase section */

/* Begin PBXVariantGroup section */
		125263E12819C7790024DE6C /* LaunchScreen.storyboard */ = {
			isa = PBXVariantGroup;
			children = (
				125263E22819C7790024DE6C /* Base */,
			);
			name = LaunchScreen.storyboard;
			sourceTree = "<group>";
		};
/* End PBXVariantGroup section */

/* Begin XCBuildConfiguration section */
		125263E52819C7790024DE6C /* Debug */ = {
			isa = XCBuildConfiguration;
			buildSettings = {
				ALWAYS_SEARCH_USER_PATHS = NO;
				CLANG_ANALYZER_NONNULL = YES;
				CLANG_ANALYZER_NUMBER_OBJECT_CONVERSION = YES_AGGRESSIVE;
				CLANG_CXX_LANGUAGE_STANDARD = "gnu++17";
				CLANG_CXX_LIBRARY = "libc++";
				CLANG_ENABLE_MODULES = YES;
				CLANG_ENABLE_OBJC_ARC = YES;
				CLANG_ENABLE_OBJC_WEAK = YES;
				CLANG_WARN_BLOCK_CAPTURE_AUTORELEASING = YES;
				CLANG_WARN_BOOL_CONVERSION = YES;
				CLANG_WARN_COMMA = YES;
				CLANG_WARN_CONSTANT_CONVERSION = YES;
				CLANG_WARN_DEPRECATED_OBJC_IMPLEMENTATIONS = YES;
				CLANG_WARN_DIRECT_OBJC_ISA_USAGE = YES_ERROR;
				CLANG_WARN_DOCUMENTATION_COMMENTS = YES;
				CLANG_WARN_EMPTY_BODY = YES;
				CLANG_WARN_ENUM_CONVERSION = YES;
				CLANG_WARN_INFINITE_RECURSION = YES;
				CLANG_WARN_INT_CONVERSION = YES;
				CLANG_WARN_NON_LITERAL_NULL_CONVERSION = YES;
				CLANG_WARN_OBJC_IMPLICIT_RETAIN_SELF = YES;
				CLANG_WARN_OBJC_LITERAL_CONVERSION = YES;
				CLANG_WARN_OBJC_ROOT_CLASS = YES_ERROR;
				CLANG_WARN_QUOTED_INCLUDE_IN_FRAMEWORK_HEADER = YES;
				CLANG_WARN_RANGE_LOOP_ANALYSIS = YES;
				CLANG_WARN_STRICT_PROTOTYPES = YES;
				CLANG_WARN_SUSPICIOUS_MOVE = YES;
				CLANG_WARN_UNGUARDED_AVAILABILITY = YES_AGGRESSIVE;
				CLANG_WARN_UNREACHABLE_CODE = YES;
				CLANG_WARN__DUPLICATE_METHOD_MATCH = YES;
				COPY_PHASE_STRIP = NO;
				DEBUG_INFORMATION_FORMAT = dwarf;
				ENABLE_STRICT_OBJC_MSGSEND = YES;
				ENABLE_TESTABILITY = YES;
				GCC_C_LANGUAGE_STANDARD = gnu11;
				GCC_DYNAMIC_NO_PIC = NO;
				GCC_NO_COMMON_BLOCKS = YES;
				GCC_OPTIMIZATION_LEVEL = 0;
				GCC_PREPROCESSOR_DEFINITIONS = (
					"DEBUG=1",
					"$(inherited)",
				);
				GCC_WARN_64_TO_32_BIT_CONVERSION = YES;
				GCC_WARN_ABOUT_RETURN_TYPE = YES_ERROR;
				GCC_WARN_UNDECLARED_SELECTOR = YES;
				GCC_WARN_UNINITIALIZED_AUTOS = YES_AGGRESSIVE;
				GCC_WARN_UNUSED_FUNCTION = YES;
				GCC_WARN_UNUSED_VARIABLE = YES;
				IPHONEOS_DEPLOYMENT_TARGET = 15.2;
				MTL_ENABLE_DEBUG_INFO = INCLUDE_SOURCE;
				MTL_FAST_MATH = YES;
				ONLY_ACTIVE_ARCH = YES;
				SDKROOT = iphoneos;
				SWIFT_ACTIVE_COMPILATION_CONDITIONS = DEBUG;
				SWIFT_OPTIMIZATION_LEVEL = "-Onone";
			};
			name = Debug;
		};
		125263E62819C7790024DE6C /* Release */ = {
			isa = XCBuildConfiguration;
			buildSettings = {
				ALWAYS_SEARCH_USER_PATHS = NO;
				CLANG_ANALYZER_NONNULL = YES;
				CLANG_ANALYZER_NUMBER_OBJECT_CONVERSION = YES_AGGRESSIVE;
				CLANG_CXX_LANGUAGE_STANDARD = "gnu++17";
				CLANG_CXX_LIBRARY = "libc++";
				CLANG_ENABLE_MODULES = YES;
				CLANG_ENABLE_OBJC_ARC = YES;
				CLANG_ENABLE_OBJC_WEAK = YES;
				CLANG_WARN_BLOCK_CAPTURE_AUTORELEASING = YES;
				CLANG_WARN_BOOL_CONVERSION = YES;
				CLANG_WARN_COMMA = YES;
				CLANG_WARN_CONSTANT_CONVERSION = YES;
				CLANG_WARN_DEPRECATED_OBJC_IMPLEMENTATIONS = YES;
				CLANG_WARN_DIRECT_OBJC_ISA_USAGE = YES_ERROR;
				CLANG_WARN_DOCUMENTATION_COMMENTS = YES;
				CLANG_WARN_EMPTY_BODY = YES;
				CLANG_WARN_ENUM_CONVERSION = YES;
				CLANG_WARN_INFINITE_RECURSION = YES;
				CLANG_WARN_INT_CONVERSION = YES;
				CLANG_WARN_NON_LITERAL_NULL_CONVERSION = YES;
				CLANG_WARN_OBJC_IMPLICIT_RETAIN_SELF = YES;
				CLANG_WARN_OBJC_LITERAL_CONVERSION = YES;
				CLANG_WARN_OBJC_ROOT_CLASS = YES_ERROR;
				CLANG_WARN_QUOTED_INCLUDE_IN_FRAMEWORK_HEADER = YES;
				CLANG_WARN_RANGE_LOOP_ANALYSIS = YES;
				CLANG_WARN_STRICT_PROTOTYPES = YES;
				CLANG_WARN_SUSPICIOUS_MOVE = YES;
				CLANG_WARN_UNGUARDED_AVAILABILITY = YES_AGGRESSIVE;
				CLANG_WARN_UNREACHABLE_CODE = YES;
				CLANG_WARN__DUPLICATE_METHOD_MATCH = YES;
				COPY_PHASE_STRIP = NO;
				DEBUG_INFORMATION_FORMAT = "dwarf-with-dsym";
				ENABLE_NS_ASSERTIONS = NO;
				ENABLE_STRICT_OBJC_MSGSEND = YES;
				GCC_C_LANGUAGE_STANDARD = gnu11;
				GCC_NO_COMMON_BLOCKS = YES;
				GCC_WARN_64_TO_32_BIT_CONVERSION = YES;
				GCC_WARN_ABOUT_RETURN_TYPE = YES_ERROR;
				GCC_WARN_UNDECLARED_SELECTOR = YES;
				GCC_WARN_UNINITIALIZED_AUTOS = YES_AGGRESSIVE;
				GCC_WARN_UNUSED_FUNCTION = YES;
				GCC_WARN_UNUSED_VARIABLE = YES;
				IPHONEOS_DEPLOYMENT_TARGET = 15.2;
				MTL_ENABLE_DEBUG_INFO = NO;
				MTL_FAST_MATH = YES;
				SDKROOT = iphoneos;
				SWIFT_COMPILATION_MODE = wholemodule;
				SWIFT_OPTIMIZATION_LEVEL = "-O";
				VALIDATE_PRODUCT = YES;
			};
			name = Release;
		};
		125263E82819C7790024DE6C /* Debug */ = {
			isa = XCBuildConfiguration;
			buildSettings = {
				ASSETCATALOG_COMPILER_APPICON_NAME = AppIcon;
				ASSETCATALOG_COMPILER_GLOBAL_ACCENT_COLOR_NAME = AccentColor;
				CODE_SIGN_STYLE = Automatic;
				CURRENT_PROJECT_VERSION = 1;
				DEVELOPMENT_TEAM = YCUKN89YP9;
				GENERATE_INFOPLIST_FILE = YES;
				INFOPLIST_FILE = MyHabits/Info.plist;
				INFOPLIST_KEY_UIApplicationSupportsIndirectInputEvents = YES;
				INFOPLIST_KEY_UILaunchStoryboardName = LaunchScreen;
				INFOPLIST_KEY_UISupportedInterfaceOrientations = "UIInterfaceOrientationPortrait UIInterfaceOrientationLandscapeLeft UIInterfaceOrientationLandscapeRight";
				INFOPLIST_KEY_UISupportedInterfaceOrientations_iPad = "UIInterfaceOrientationPortrait UIInterfaceOrientationPortraitUpsideDown UIInterfaceOrientationLandscapeLeft UIInterfaceOrientationLandscapeRight";
				INFOPLIST_KEY_UISupportedInterfaceOrientations_iPhone = "UIInterfaceOrientationPortrait UIInterfaceOrientationLandscapeLeft UIInterfaceOrientationLandscapeRight";
				IPHONEOS_DEPLOYMENT_TARGET = 15.0;
				LD_RUNPATH_SEARCH_PATHS = (
					"$(inherited)",
					"@executable_path/Frameworks",
				);
				MARKETING_VERSION = 1.0;
				PRODUCT_BUNDLE_IDENTIFIER = cursach.MyHabits;
				PRODUCT_NAME = "$(TARGET_NAME)";
				SWIFT_EMIT_LOC_STRINGS = YES;
				SWIFT_VERSION = 5.0;
				TARGETED_DEVICE_FAMILY = "1,2";
			};
			name = Debug;
		};
		125263E92819C7790024DE6C /* Release */ = {
			isa = XCBuildConfiguration;
			buildSettings = {
				ASSETCATALOG_COMPILER_APPICON_NAME = AppIcon;
				ASSETCATALOG_COMPILER_GLOBAL_ACCENT_COLOR_NAME = AccentColor;
				CODE_SIGN_STYLE = Automatic;
				CURRENT_PROJECT_VERSION = 1;
				DEVELOPMENT_TEAM = YCUKN89YP9;
				GENERATE_INFOPLIST_FILE = YES;
				INFOPLIST_FILE = MyHabits/Info.plist;
				INFOPLIST_KEY_UIApplicationSupportsIndirectInputEvents = YES;
				INFOPLIST_KEY_UILaunchStoryboardName = LaunchScreen;
				INFOPLIST_KEY_UISupportedInterfaceOrientations = "UIInterfaceOrientationPortrait UIInterfaceOrientationLandscapeLeft UIInterfaceOrientationLandscapeRight";
				INFOPLIST_KEY_UISupportedInterfaceOrientations_iPad = "UIInterfaceOrientationPortrait UIInterfaceOrientationPortraitUpsideDown UIInterfaceOrientationLandscapeLeft UIInterfaceOrientationLandscapeRight";
				INFOPLIST_KEY_UISupportedInterfaceOrientations_iPhone = "UIInterfaceOrientationPortrait UIInterfaceOrientationLandscapeLeft UIInterfaceOrientationLandscapeRight";
				IPHONEOS_DEPLOYMENT_TARGET = 15.0;
				LD_RUNPATH_SEARCH_PATHS = (
					"$(inherited)",
					"@executable_path/Frameworks",
				);
				MARKETING_VERSION = 1.0;
				PRODUCT_BUNDLE_IDENTIFIER = cursach.MyHabits;
				PRODUCT_NAME = "$(TARGET_NAME)";
				SWIFT_EMIT_LOC_STRINGS = YES;
				SWIFT_VERSION = 5.0;
				TARGETED_DEVICE_FAMILY = "1,2";
			};
			name = Release;
		};
/* End XCBuildConfiguration section */

/* Begin XCConfigurationList section */
		125263CE2819C7770024DE6C /* Build configuration list for PBXProject "MyHabits" */ = {
			isa = XCConfigurationList;
			buildConfigurations = (
				125263E52819C7790024DE6C /* Debug */,
				125263E62819C7790024DE6C /* Release */,
			);
			defaultConfigurationIsVisible = 0;
			defaultConfigurationName = Release;
		};
		125263E72819C7790024DE6C /* Build configuration list for PBXNativeTarget "MyHabits" */ = {
			isa = XCConfigurationList;
			buildConfigurations = (
				125263E82819C7790024DE6C /* Debug */,
				125263E92819C7790024DE6C /* Release */,
			);
			defaultConfigurationIsVisible = 0;
			defaultConfigurationName = Release;
		};
/* End XCConfigurationList section */
	};
	rootObject = 125263CB2819C7770024DE6C /* Project object */;
}
